<Solution>
  <Folder Name="/src/">
    <Project Path="src/Domain.Abstractions/Domain.Abstractions.csproj" />
    <Project Path="src/Domain/Domain.csproj" />
    <Project Path="src/Application/Application.csproj" />
    <Project Path="src/Projections/Projections.csproj" />
    <Project Path="src/ProcessManagers/ProcessManagers.csproj" />
    <Project Path="src/Infrastructure/EventStore.InMemory/EventStore.InMemory.csproj" />
    <Project Path="src/Infrastructure/EventStore.Postgres/EventStore.Postgres.csproj" />
    <Project Path="src/Infrastructure/EventStore.Postgres.Cli/EventStore.Postgres.Cli.csproj" />
    <Project Path="src/Infrastructure/EventStore.SqlServer/EventStore.SqlServer.csproj" />
    <Project Path="src/Infrastructure/EventStore.Kurrent/EventStore.Kurrent.csproj" />
    <Project Path="src/Infrastructure/EventStore.DynamoDb/EventStore.DynamoDb.csproj" />
    <Project Path="src/Infrastructure/Migrations.Postgres/Migrations.Postgres.csproj" />
    <Project Path="src/Infrastructure/Outbox/Outbox.csproj" />
    <Project Path="src/Infrastructure/ReadModels.Postgres/ReadModels.Postgres.csproj" />
    <Project Path="src/Infrastructure/SignalR/SignalR.csproj" />
    <Project Path="src/Infrastructure/Versioning/Versioning.csproj" />
    <Project Path="src/Hosts/Workers/Workers.csproj" />
    <Project Path="src/Hosts/Api/Hosts.Api.csproj" />
    <Project Path="src/Hosts/Web/Hosts.Web.csproj" />
    <Project Path="src/Hosts/AdminConsole/Hosts.AdminConsole.csproj" />
    <Project Path="src/Migration/Migration.Demo/Migration.Demo.csproj" />
  </Folder>
  <Folder Name="/tests/">
    <Project Path="tests/Application.Tests/Application.Tests.csproj" />
    <Project Path="tests/Domain.Tests/Domain.Tests.csproj" />
    <Project Path="tests/EventStore.ContractTests/EventStore.ContractTests.csproj" />
    <Project Path="tests/Infrastructure.Tests/Infrastructure.Tests.csproj" />
    <Project Path="tests/Projections.Tests/Projections.Tests.csproj" />
    <Project Path="tests/ProcessManagers.Tests/ProcessManagers.Tests.csproj" />
    <Project Path="tests/TestInfrastructure/TestInfrastructure.csproj" />
    <Project Path="tests/Workers.Tests/Workers.Tests.csproj" />
    <Project Path="tests/IntegrationTests/IntegrationTests.csproj" />
    <Project Path="tests/Hosts.Web.Tests/Hosts.Web.Tests.csproj" />
    <Project Path="tests/Hosts.AdminConsole.Tests/Hosts.AdminConsole.Tests.csproj" />
    <Project Path="tests/PropertyTests/PropertyTests.csproj" />
    <Project Path="tests/Migration.Tests/Migration.Tests.csproj" />
  </Folder>
</Solution>
